// !$*UTF8*$!
{
	archiveVersion = 1;
	classes = {
	};
	objectVersion = 50;
	objects = {

/* Begin PBXBuildFile section */
		04443CCA22FB3347009F7171 /* main.m in Sources */ = {isa = PBXBuildFile; fileRef = 04443CC922FB3347009F7171 /* main.m */; };
		04443CD222FB335D009F7171 /* Pizza.m in Sources */ = {isa = PBXBuildFile; fileRef = 04443CD122FB335D009F7171 /* Pizza.m */; };
		04443CEB22FB4109009F7171 /* Kitchen.m in Sources */ = {isa = PBXBuildFile; fileRef = 04443CEA22FB4109009F7171 /* Kitchen.m */; };
		04443D8022FDCF68009F7171 /* DeliveryCar.m in Sources */ = {isa = PBXBuildFile; fileRef = 04443D7F22FDCF68009F7171 /* DeliveryCar.m */; };
		04443D8322FDCFC5009F7171 /* DeliveryService.m in Sources */ = {isa = PBXBuildFile; fileRef = 04443D8222FDCFC5009F7171 /* DeliveryService.m */; };
		04443D8622FDD147009F7171 /* Kei.m in Sources */ = {isa = PBXBuildFile; fileRef = 04443D8522FDD147009F7171 /* Kei.m */; };
		04443D8922FDD20E009F7171 /* Sam.m in Sources */ = {isa = PBXBuildFile; fileRef = 04443D8822FDD20E009F7171 /* Sam.m */; };
/* End PBXBuildFile section */

/* Begin PBXCopyFilesBuildPhase section */
		04443CC422FB3347009F7171 /* CopyFiles */ = {
			isa = PBXCopyFilesBuildPhase;
			buildActionMask = 2147483647;
			dstPath = /usr/share/man/man1/;
			dstSubfolderSpec = 0;
			files = (
			);
			runOnlyForDeploymentPostprocessing = 1;
		};
/* End PBXCopyFilesBuildPhase section */

/* Begin PBXFileReference section */
		04443CC622FB3347009F7171 /* PizzaRestraunt */ = {isa = PBXFileReference; explicitFileType = "compiled.mach-o.executable"; includeInIndex = 0; path = PizzaRestraunt; sourceTree = BUILT_PRODUCTS_DIR; };
		04443CC922FB3347009F7171 /* main.m */ = {isa = PBXFileReference; lastKnownFileType = sourcecode.c.objc; path = main.m; sourceTree = "<group>"; };
		04443CD022FB335D009F7171 /* Pizza.h */ = {isa = PBXFileReference; lastKnownFileType = sourcecode.c.h; path = Pizza.h; sourceTree = "<group>"; };
		04443CD122FB335D009F7171 /* Pizza.m */ = {isa = PBXFileReference; lastKnownFileType = sourcecode.c.objc; path = Pizza.m; sourceTree = "<group>"; };
		04443CE922FB4109009F7171 /* Kitchen.h */ = {isa = PBXFileReference; lastKnownFileType = sourcecode.c.h; path = Kitchen.h; sourceTree = "<group>"; };
		04443CEA22FB4109009F7171 /* Kitchen.m */ = {isa = PBXFileReference; lastKnownFileType = sourcecode.c.objc; path = Kitchen.m; sourceTree = "<group>"; };
		04443D7E22FDCF68009F7171 /* DeliveryCar.h */ = {isa = PBXFileReference; lastKnownFileType = sourcecode.c.h; path = DeliveryCar.h; sourceTree = "<group>"; };
		04443D7F22FDCF68009F7171 /* DeliveryCar.m */ = {isa = PBXFileReference; lastKnownFileType = sourcecode.c.objc; path = DeliveryCar.m; sourceTree = "<group>"; };
		04443D8122FDCFC5009F7171 /* DeliveryService.h */ = {isa = PBXFileReference; lastKnownFileType = sourcecode.c.h; path = DeliveryService.h; sourceTree = "<group>"; };
		04443D8222FDCFC5009F7171 /* DeliveryService.m */ = {isa = PBXFileReference; lastKnownFileType = sourcecode.c.objc; path = DeliveryService.m; sourceTree = "<group>"; };
		04443D8422FDD147009F7171 /* Kei.h */ = {isa = PBXFileReference; lastKnownFileType = sourcecode.c.h; path = Kei.h; sourceTree = "<group>"; };
		04443D8522FDD147009F7171 /* Kei.m */ = {isa = PBXFileReference; lastKnownFileType = sourcecode.c.objc; path = Kei.m; sourceTree = "<group>"; };
		04443D8722FDD20E009F7171 /* Sam.h */ = {isa = PBXFileReference; lastKnownFileType = sourcecode.c.h; path = Sam.h; sourceTree = "<group>"; };
		04443D8822FDD20E009F7171 /* Sam.m */ = {isa = PBXFileReference; lastKnownFileType = sourcecode.c.objc; path = Sam.m; sourceTree = "<group>"; };
/* End PBXFileReference section */

/* Begin PBXFrameworksBuildPhase section */
		04443CC322FB3347009F7171 /* Frameworks */ = {
			isa = PBXFrameworksBuildPhase;
			buildActionMask = 2147483647;
			files = (
			);
			runOnlyForDeploymentPostprocessing = 0;
		};
/* End PBXFrameworksBuildPhase section */

/* Begin PBXGroup section */
		04443CBD22FB3347009F7171 = {
			isa = PBXGroup;
			children = (
				04443CC822FB3347009F7171 /* PizzaRestraunt */,
				04443CC722FB3347009F7171 /* Products */,
			);
			sourceTree = "<group>";
		};
		04443CC722FB3347009F7171 /* Products */ = {
			isa = PBXGroup;
			children = (
				04443CC622FB3347009F7171 /* PizzaRestraunt */,
			);
			name = Products;
			sourceTree = "<group>";
		};
		04443CC822FB3347009F7171 /* PizzaRestraunt */ = {
			isa = PBXGroup;
			children = (
				04443CC922FB3347009F7171 /* main.m */,
				04443CD022FB335D009F7171 /* Pizza.h */,
				04443CD122FB335D009F7171 /* Pizza.m */,
				04443CE922FB4109009F7171 /* Kitchen.h */,
				04443CEA22FB4109009F7171 /* Kitchen.m */,
				04443D7E22FDCF68009F7171 /* DeliveryCar.h */,
				04443D7F22FDCF68009F7171 /* DeliveryCar.m */,
				04443D8122FDCFC5009F7171 /* DeliveryService.h */,
				04443D8222FDCFC5009F7171 /* DeliveryService.m */,
				04443D8422FDD147009F7171 /* Kei.h */,
				04443D8522FDD147009F7171 /* Kei.m */,
				04443D8722FDD20E009F7171 /* Sam.h */,
				04443D8822FDD20E009F7171 /* Sam.m */,
			);
			path = PizzaRestraunt;
			sourceTree = "<group>";
		};
/* End PBXGroup section */

/* Begin PBXNativeTarget section */
		04443CC522FB3347009F7171 /* PizzaRestraunt */ = {
			isa = PBXNativeTarget;
			buildConfigurationList = 04443CCD22FB3347009F7171 /* Build configuration list for PBXNativeTarget "PizzaRestraunt" */;
			buildPhases = (
				04443CC222FB3347009F7171 /* Sources */,
				04443CC322FB3347009F7171 /* Frameworks */,
				04443CC422FB3347009F7171 /* CopyFiles */,
			);
			buildRules = (
			);
			dependencies = (
			);
			name = PizzaRestraunt;
			productName = PizzaRestraunt;
			productReference = 04443CC622FB3347009F7171 /* PizzaRestraunt */;
			productType = "com.apple.product-type.tool";
		};
/* End PBXNativeTarget section */

/* Begin PBXProject section */
		04443CBE22FB3347009F7171 /* Project object */ = {
			isa = PBXProject;
			attributes = {
				LastUpgradeCheck = 1030;
				ORGANIZATIONNAME = "Yamashtia Keisuke";
				TargetAttributes = {
					04443CC522FB3347009F7171 = {
						CreatedOnToolsVersion = 10.3;
					};
				};
			};
			buildConfigurationList = 04443CC122FB3347009F7171 /* Build configuration list for PBXProject "PizzaRestraunt" */;
			compatibilityVersion = "Xcode 9.3";
			developmentRegion = en;
			hasScannedForEncodings = 0;
			knownRegions = (
				en,
			);
			mainGroup = 04443CBD22FB3347009F7171;
			productRefGroup = 04443CC722FB3347009F7171 /* Products */;
			projectDirPath = "";
			projectRoot = "";
			targets = (
				04443CC522FB3347009F7171 /* PizzaRestraunt */,
			);
		};
/* End PBXProject section */

/* Begin PBXSourcesBuildPhase section */
		04443CC222FB3347009F7171 /* Sources */ = {
			isa = PBXSourcesBuildPhase;
			buildActionMask = 2147483647;
			files = (
				04443CD222FB335D009F7171 /* Pizza.m in Sources */,
				04443D8922FDD20E009F7171 /* Sam.m in Sources */,
				04443CCA22FB3347009F7171 /* main.m in Sources */,
				04443D8322FDCFC5009F7171 /* DeliveryService.m in Sources */,
				04443D8622FDD147009F7171 /* Kei.m in Sources */,
				04443D8022FDCF68009F7171 /* DeliveryCar.m in Sources */,
				04443CEB22FB4109009F7171 /* Kitchen.m in Sources */,
			);
			runOnlyForDeploymentPostprocessing = 0;
		};
/* End PBXSourcesBuildPhase section */

/* Begin XCBuildConfiguration section */
		04443CCB22FB3347009F7171 /* Debug */ = {
			isa = XCBuildConfiguration;
			buildSettings = {
				ALWAYS_SEARCH_USER_PATHS = NO;
				CLANG_ANALYZER_NONNULL = YES;
				CLANG_ANALYZER_NUMBER_OBJECT_CONVERSION = YES_AGGRESSIVE;
				CLANG_CXX_LANGUAGE_STANDARD = "gnu++14";
				CLANG_CXX_LIBRARY = "libc++";
				CLANG_ENABLE_MODULES = YES;
				CLANG_ENABLE_OBJC_ARC = YES;
				CLANG_ENABLE_OBJC_WEAK = YES;
				CLANG_WARN_BLOCK_CAPTURE_AUTORELEASING = YES;
				CLANG_WARN_BOOL_CONVERSION = YES;
				CLANG_WARN_COMMA = YES;
				CLANG_WARN_CONSTANT_CONVERSION = YES;
				CLANG_WARN_DEPRECATED_OBJC_IMPLEMENTATIONS = YES;
				CLANG_WARN_DIRECT_OBJC_ISA_USAGE = YES_ERROR;
				CLANG_WARN_DOCUMENTATION_COMMENTS = YES;
				CLANG_WARN_EMPTY_BODY = YES;
				CLANG_WARN_ENUM_CONVERSION = YES;
				CLANG_WARN_INFINITE_RECURSION = YES;
				CLANG_WARN_INT_CONVERSION = YES;
				CLANG_WARN_NON_LITERAL_NULL_CONVERSION = YES;
				CLANG_WARN_OBJC_IMPLICIT_RETAIN_SELF = YES;
				CLANG_WARN_OBJC_LITERAL_CONVERSION = YES;
				CLANG_WARN_OBJC_ROOT_CLASS = YES_ERROR;
				CLANG_WARN_RANGE_LOOP_ANALYSIS = YES;
				CLANG_WARN_STRICT_PROTOTYPES = YES;
				CLANG_WARN_SUSPICIOUS_MOVE = YES;
				CLANG_WARN_UNGUARDED_AVAILABILITY = YES_AGGRESSIVE;
				CLANG_WARN_UNREACHABLE_CODE = YES;
				CLANG_WARN__DUPLICATE_METHOD_MATCH = YES;
				CODE_SIGN_IDENTITY = "Mac Developer";
				COPY_PHASE_STRIP = NO;
				DEBUG_INFORMATION_FORMAT = dwarf;
				ENABLE_STRICT_OBJC_MSGSEND = YES;
				ENABLE_TESTABILITY = YES;
				GCC_C_LANGUAGE_STANDARD = gnu11;
				GCC_DYNAMIC_NO_PIC = NO;
				GCC_NO_COMMON_BLOCKS = YES;
				GCC_OPTIMIZATION_LEVEL = 0;
				GCC_PREPROCESSOR_DEFINITIONS = (
					"DEBUG=1",
					"$(inherited)",
				);
				GCC_WARN_64_TO_32_BIT_CONVERSION = YES;
				GCC_WARN_ABOUT_RETURN_TYPE = YES_ERROR;
				GCC_WARN_UNDECLARED_SELECTOR = YES;
				GCC_WARN_UNINITIALIZED_AUTOS = YES_AGGRESSIVE;
				GCC_WARN_UNUSED_FUNCTION = YES;
				GCC_WARN_UNUSED_VARIABLE = YES;
				MACOSX_DEPLOYMENT_TARGET = 10.14;
				MTL_ENABLE_DEBUG_INFO = INCLUDE_SOURCE;
				MTL_FAST_MATH = YES;
				ONLY_ACTIVE_ARCH = YES;
				SDKROOT = macosx;
			};
			name = Debug;
		};
		04443CCC22FB3347009F7171 /* Release */ = {
			isa = XCBuildConfiguration;
			buildSettings = {
				ALWAYS_SEARCH_USER_PATHS = NO;
				CLANG_ANALYZER_NONNULL = YES;
				CLANG_ANALYZER_NUMBER_OBJECT_CONVERSION = YES_AGGRESSIVE;
				CLANG_CXX_LANGUAGE_STANDARD = "gnu++14";
				CLANG_CXX_LIBRARY = "libc++";
				CLANG_ENABLE_MODULES = YES;
				CLANG_ENABLE_OBJC_ARC = YES;
				CLANG_ENABLE_OBJC_WEAK = YES;
				CLANG_WARN_BLOCK_CAPTURE_AUTORELEASING = YES;
				CLANG_WARN_BOOL_CONVERSION = YES;
				CLANG_WARN_COMMA = YES;
				CLANG_WARN_CONSTANT_CONVERSION = YES;
				CLANG_WARN_DEPRECATED_OBJC_IMPLEMENTATIONS = YES;
				CLANG_WARN_DIRECT_OBJC_ISA_USAGE = YES_ERROR;
				CLANG_WARN_DOCUMENTATION_COMMENTS = YES;
				CLANG_WARN_EMPTY_BODY = YES;
				CLANG_WARN_ENUM_CONVERSION = YES;
				CLANG_WARN_INFINITE_RECURSION = YES;
				CLANG_WARN_INT_CONVERSION = YES;
				CLANG_WARN_NON_LITERAL_NULL_CONVERSION = YES;
				CLANG_WARN_OBJC_IMPLICIT_RETAIN_SELF = YES;
				CLANG_WARN_OBJC_LITERAL_CONVERSION = YES;
				CLANG_WARN_OBJC_ROOT_CLASS = YES_ERROR;
				CLANG_WARN_RANGE_LOOP_ANALYSIS = YES;
				CLANG_WARN_STRICT_PROTOTYPES = YES;
				CLANG_WARN_SUSPICIOUS_MOVE = YES;
				CLANG_WARN_UNGUARDED_AVAILABILITY = YES_AGGRESSIVE;
				CLANG_WARN_UNREACHABLE_CODE = YES;
				CLANG_WARN__DUPLICATE_METHOD_MATCH = YES;
				CODE_SIGN_IDENTITY = "Mac Developer";
				COPY_PHASE_STRIP = NO;
				DEBUG_INFORMATION_FORMAT = "dwarf-with-dsym";
				ENABLE_NS_ASSERTIONS = NO;
				ENABLE_STRICT_OBJC_MSGSEND = YES;
				GCC_C_LANGUAGE_STANDARD = gnu11;
				GCC_NO_COMMON_BLOCKS = YES;
				GCC_WARN_64_TO_32_BIT_CONVERSION = YES;
				GCC_WARN_ABOUT_RETURN_TYPE = YES_ERROR;
				GCC_WARN_UNDECLARED_SELECTOR = YES;
				GCC_WARN_UNINITIALIZED_AUTOS = YES_AGGRESSIVE;
				GCC_WARN_UNUSED_FUNCTION = YES;
				GCC_WARN_UNUSED_VARIABLE = YES;
				MACOSX_DEPLOYMENT_TARGET = 10.14;
				MTL_ENABLE_DEBUG_INFO = NO;
				MTL_FAST_MATH = YES;
				SDKROOT = macosx;
			};
			name = Release;
		};
		04443CCE22FB3347009F7171 /* Debug */ = {
			isa = XCBuildConfiguration;
			buildSettings = {
				CODE_SIGN_STYLE = Automatic;
				DEVELOPMENT_TEAM = FM3SAVJ89A;
				PRODUCT_NAME = "$(TARGET_NAME)";
			};
			name = Debug;
		};
		04443CCF22FB3347009F7171 /* Release */ = {
			isa = XCBuildConfiguration;
			buildSettings = {
				CODE_SIGN_STYLE = Automatic;
				DEVELOPMENT_TEAM = FM3SAVJ89A;
				PRODUCT_NAME = "$(TARGET_NAME)";
			};
			name = Release;
		};
/* End XCBuildConfiguration section */

/* Begin XCConfigurationList section */
		04443CC122FB3347009F7171 /* Build configuration list for PBXProject "PizzaRestraunt" */ = {
			isa = XCConfigurationList;
			buildConfigurations = (
				04443CCB22FB3347009F7171 /* Debug */,
				04443CCC22FB3347009F7171 /* Release */,
			);
			defaultConfigurationIsVisible = 0;
			defaultConfigurationName = Release;
		};
		04443CCD22FB3347009F7171 /* Build configuration list for PBXNativeTarget "PizzaRestraunt" */ = {
			isa = XCConfigurationList;
			buildConfigurations = (
				04443CCE22FB3347009F7171 /* Debug */,
				04443CCF22FB3347009F7171 /* Release */,
			);
			defaultConfigurationIsVisible = 0;
			defaultConfigurationName = Release;
		};
/* End XCConfigurationList section */
	};
	rootObject = 04443CBE22FB3347009F7171 /* Project object */;
}
